{
  "nodes": {
    "nixpkgs": {
      "locked": {
        "lastModified": 1751011381,
        "narHash": "sha256-krGXKxvkBhnrSC/kGBmg5MyupUUT5R6IBCLEzx9jhMM=",
        "owner": "NixOS",
        "repo": "nixpkgs",
        "rev": "30e2e2857ba47844aa71991daa6ed1fc678bcbb7",
        "type": "github"
      },
      "original": {
        "owner": "NixOS",
        "ref": "nixos-unstable",
        "repo": "nixpkgs",
        "type": "github"
      }
    },
    "nixpkgs_2": {
      "locked": {
        "lastModified": 1751011381,
        "narHash": "sha256-krGXKxvkBhnrSC/kGBmg5MyupUUT5R6IBCLEzx9jhMM=",
        "owner": "NixOS",
        "repo": "nixpkgs",
        "rev": "30e2e2857ba47844aa71991daa6ed1fc678bcbb7",
        "type": "github"
      },
      "original": {
        "owner": "NixOS",
        "ref": "nixos-unstable",
        "repo": "nixpkgs",
        "type": "github"
      }
    },
    "root": {
      "inputs": {
        "nixpkgs": "nixpkgs",
        "rssg": "rssg"
      }
    },
    "rssg": {
      "inputs": {
        "nixpkgs": "nixpkgs_2"
      },
      "locked": {
        "lastModified": 1751262117,
        "narHash": "sha256-8X1G7qx/3F+GFXjojCY9NlyLUbU8jjUNdLsOPPA7eIg=",
        "owner": "tiny-bow",
        "repo": "rssg",
        "rev": "7a978858e523a37fa168e370e6807180ebe740cd",
        "type": "github"
      },
      "original": {
        "owner": "tiny-bow",
        "repo": "rssg",
        "type": "github"
      }
    }
  },
  "root": "root",
  "version": 7
}
